
Microsoft Visual Studio Solution File, Format Version 12.00
# Visual Studio 14
VisualStudioVersion = 14.0.25420.1
MinimumVisualStudioVersion = 10.0.40219.1
Project("{FAE04EC0-301F-11D3-BF4B-00C04F79EFBC}") = "XamarinAllianceChallenges", "XamarinAllianceChallenges\XamarinAllianceChallenges\XamarinAllianceChallenges.csproj", "{0DD55DAB-B120-4659-B906-8B2FC3EC7BFD}"
EndProject
Project("{FAE04EC0-301F-11D3-BF4B-00C04F79EFBC}") = "XamarinAllianceChallenges.Droid", "XamarinAllianceChallenges\XamarinAllianceChallenges.Droid\XamarinAllianceChallenges.Droid.csproj", "{FD6C6D5D-13DA-4BA7-80FF-2E8790A415A7}"
EndProject
Project("{FAE04EC0-301F-11D3-BF4B-00C04F79EFBC}") = "XamarinAllianceChallenges.iOS", "XamarinAllianceChallenges\XamarinAllianceChallenges.iOS\XamarinAllianceChallenges.iOS.csproj", "{F21E9C63-4E38-4222-AC6B-8452D42C8D6D}"
EndProject
Project("{FAE04EC0-301F-11D3-BF4B-00C04F79EFBC}") = "XamarinAllianceChallenges.WinPhone", "XamarinAllianceChallenges\XamarinAllianceChallenges.WinPhone\XamarinAllianceChallenges.WinPhone.csproj", "{75E7A952-F4F7-4225-9E8B-C4CB52528D1F}"
EndProject
Project("{FAE04EC0-301F-11D3-BF4B-00C04F79EFBC}") = "XamarinAllianceChallenges.UWP", "XamarinAllianceChallenges\XamarinAllianceChallenges.UWP\XamarinAllianceChallenges.UWP.csproj", "{C3912C42-80FE-4793-AC73-6A0C44B60C4F}"
EndProject
Project("{FAE04EC0-301F-11D3-BF4B-00C04F79EFBC}") = "XamarinAllianceChallenges.Windows", "XamarinAllianceChallenges\XamarinAllianceChallenges.Windows\XamarinAllianceChallenges.Windows.csproj", "{CFA3D366-AB95-4B2A-9BE8-55E60E6B8451}"
EndProject
Global
	GlobalSection(SolutionConfigurationPlatforms) = preSolution
		Ad-Hoc|Any CPU = Ad-Hoc|Any CPU
		Ad-Hoc|ARM = Ad-Hoc|ARM
		Ad-Hoc|iPhone = Ad-Hoc|iPhone
		Ad-Hoc|iPhoneSimulator = Ad-Hoc|iPhoneSimulator
		Ad-Hoc|x64 = Ad-Hoc|x64
		Ad-Hoc|x86 = Ad-Hoc|x86
		AppStore|Any CPU = AppStore|Any CPU
		AppStore|ARM = AppStore|ARM
		AppStore|iPhone = AppStore|iPhone
		AppStore|iPhoneSimulator = AppStore|iPhoneSimulator
		AppStore|x64 = AppStore|x64
		AppStore|x86 = AppStore|x86
		Debug|Any CPU = Debug|Any CPU
		Debug|ARM = Debug|ARM
		Debug|iPhone = Debug|iPhone
		Debug|iPhoneSimulator = Debug|iPhoneSimulator
		Debug|x64 = Debug|x64
		Debug|x86 = Debug|x86
		Release|Any CPU = Release|Any CPU
		Release|ARM = Release|ARM
		Release|iPhone = Release|iPhone
		Release|iPhoneSimulator = Release|iPhoneSimulator
		Release|x64 = Release|x64
		Release|x86 = Release|x86
	EndGlobalSection
	GlobalSection(ProjectConfigurationPlatforms) = postSolution
		{0DD55DAB-B120-4659-B906-8B2FC3EC7BFD}.Ad-Hoc|Any CPU.ActiveCfg = Release|Any CPU
		{0DD55DAB-B120-4659-B906-8B2FC3EC7BFD}.Ad-Hoc|Any CPU.Build.0 = Release|Any CPU
		{0DD55DAB-B120-4659-B906-8B2FC3EC7BFD}.Ad-Hoc|ARM.ActiveCfg = Release|Any CPU
		{0DD55DAB-B120-4659-B906-8B2FC3EC7BFD}.Ad-Hoc|ARM.Build.0 = Release|Any CPU
		{0DD55DAB-B120-4659-B906-8B2FC3EC7BFD}.Ad-Hoc|iPhone.ActiveCfg = Release|Any CPU
		{0DD55DAB-B120-4659-B906-8B2FC3EC7BFD}.Ad-Hoc|iPhone.Build.0 = Release|Any CPU
		{0DD55DAB-B120-4659-B906-8B2FC3EC7BFD}.Ad-Hoc|iPhoneSimulator.ActiveCfg = Release|Any CPU
		{0DD55DAB-B120-4659-B906-8B2FC3EC7BFD}.Ad-Hoc|iPhoneSimulator.Build.0 = Release|Any CPU
		{0DD55DAB-B120-4659-B906-8B2FC3EC7BFD}.Ad-Hoc|x64.ActiveCfg = Release|Any CPU
		{0DD55DAB-B120-4659-B906-8B2FC3EC7BFD}.Ad-Hoc|x64.Build.0 = Release|Any CPU
		{0DD55DAB-B120-4659-B906-8B2FC3EC7BFD}.Ad-Hoc|x86.ActiveCfg = Release|Any CPU
		{0DD55DAB-B120-4659-B906-8B2FC3EC7BFD}.Ad-Hoc|x86.Build.0 = Release|Any CPU
		{0DD55DAB-B120-4659-B906-8B2FC3EC7BFD}.AppStore|Any CPU.ActiveCfg = Release|Any CPU
		{0DD55DAB-B120-4659-B906-8B2FC3EC7BFD}.AppStore|Any CPU.Build.0 = Release|Any CPU
		{0DD55DAB-B120-4659-B906-8B2FC3EC7BFD}.AppStore|ARM.ActiveCfg = Release|Any CPU
		{0DD55DAB-B120-4659-B906-8B2FC3EC7BFD}.AppStore|ARM.Build.0 = Release|Any CPU
		{0DD55DAB-B120-4659-B906-8B2FC3EC7BFD}.AppStore|iPhone.ActiveCfg = Release|Any CPU
		{0DD55DAB-B120-4659-B906-8B2FC3EC7BFD}.AppStore|iPhone.Build.0 = Release|Any CPU
		{0DD55DAB-B120-4659-B906-8B2FC3EC7BFD}.AppStore|iPhoneSimulator.ActiveCfg = Release|Any CPU
		{0DD55DAB-B120-4659-B906-8B2FC3EC7BFD}.AppStore|iPhoneSimulator.Build.0 = Release|Any CPU
		{0DD55DAB-B120-4659-B906-8B2FC3EC7BFD}.AppStore|x64.ActiveCfg = Release|Any CPU
		{0DD55DAB-B120-4659-B906-8B2FC3EC7BFD}.AppStore|x64.Build.0 = Release|Any CPU
		{0DD55DAB-B120-4659-B906-8B2FC3EC7BFD}.AppStore|x86.ActiveCfg = Release|Any CPU
		{0DD55DAB-B120-4659-B906-8B2FC3EC7BFD}.AppStore|x86.Build.0 = Release|Any CPU
		{0DD55DAB-B120-4659-B906-8B2FC3EC7BFD}.Debug|Any CPU.ActiveCfg = Debug|Any CPU
		{0DD55DAB-B120-4659-B906-8B2FC3EC7BFD}.Debug|Any CPU.Build.0 = Debug|Any CPU
		{0DD55DAB-B120-4659-B906-8B2FC3EC7BFD}.Debug|ARM.ActiveCfg = Debug|Any CPU
		{0DD55DAB-B120-4659-B906-8B2FC3EC7BFD}.Debug|ARM.Build.0 = Debug|Any CPU
		{0DD55DAB-B120-4659-B906-8B2FC3EC7BFD}.Debug|iPhone.ActiveCfg = Debug|Any CPU
		{0DD55DAB-B120-4659-B906-8B2FC3EC7BFD}.Debug|iPhone.Build.0 = Debug|Any CPU
		{0DD55DAB-B120-4659-B906-8B2FC3EC7BFD}.Debug|iPhoneSimulator.ActiveCfg = Debug|Any CPU
		{0DD55DAB-B120-4659-B906-8B2FC3EC7BFD}.Debug|iPhoneSimulator.Build.0 = Debug|Any CPU
		{0DD55DAB-B120-4659-B906-8B2FC3EC7BFD}.Debug|x64.ActiveCfg = Debug|Any CPU
		{0DD55DAB-B120-4659-B906-8B2FC3EC7BFD}.Debug|x64.Build.0 = Debug|Any CPU
		{0DD55DAB-B120-4659-B906-8B2FC3EC7BFD}.Debug|x86.ActiveCfg = Debug|Any CPU
		{0DD55DAB-B120-4659-B906-8B2FC3EC7BFD}.Debug|x86.Build.0 = Debug|Any CPU
		{0DD55DAB-B120-4659-B906-8B2FC3EC7BFD}.Release|Any CPU.ActiveCfg = Release|Any CPU
		{0DD55DAB-B120-4659-B906-8B2FC3EC7BFD}.Release|Any CPU.Build.0 = Release|Any CPU
		{0DD55DAB-B120-4659-B906-8B2FC3EC7BFD}.Release|ARM.ActiveCfg = Release|Any CPU
		{0DD55DAB-B120-4659-B906-8B2FC3EC7BFD}.Release|ARM.Build.0 = Release|Any CPU
		{0DD55DAB-B120-4659-B906-8B2FC3EC7BFD}.Release|iPhone.ActiveCfg = Release|Any CPU
		{0DD55DAB-B120-4659-B906-8B2FC3EC7BFD}.Release|iPhone.Build.0 = Release|Any CPU
		{0DD55DAB-B120-4659-B906-8B2FC3EC7BFD}.Release|iPhoneSimulator.ActiveCfg = Release|Any CPU
		{0DD55DAB-B120-4659-B906-8B2FC3EC7BFD}.Release|iPhoneSimulator.Build.0 = Release|Any CPU
		{0DD55DAB-B120-4659-B906-8B2FC3EC7BFD}.Release|x64.ActiveCfg = Release|Any CPU
		{0DD55DAB-B120-4659-B906-8B2FC3EC7BFD}.Release|x64.Build.0 = Release|Any CPU
		{0DD55DAB-B120-4659-B906-8B2FC3EC7BFD}.Release|x86.ActiveCfg = Release|Any CPU
		{0DD55DAB-B120-4659-B906-8B2FC3EC7BFD}.Release|x86.Build.0 = Release|Any CPU
		{FD6C6D5D-13DA-4BA7-80FF-2E8790A415A7}.Ad-Hoc|Any CPU.ActiveCfg = Release|Any CPU
		{FD6C6D5D-13DA-4BA7-80FF-2E8790A415A7}.Ad-Hoc|Any CPU.Build.0 = Release|Any CPU
		{FD6C6D5D-13DA-4BA7-80FF-2E8790A415A7}.Ad-Hoc|Any CPU.Deploy.0 = Release|Any CPU
		{FD6C6D5D-13DA-4BA7-80FF-2E8790A415A7}.Ad-Hoc|ARM.ActiveCfg = Release|Any CPU
		{FD6C6D5D-13DA-4BA7-80FF-2E8790A415A7}.Ad-Hoc|ARM.Build.0 = Release|Any CPU
		{FD6C6D5D-13DA-4BA7-80FF-2E8790A415A7}.Ad-Hoc|ARM.Deploy.0 = Release|Any CPU
		{FD6C6D5D-13DA-4BA7-80FF-2E8790A415A7}.Ad-Hoc|iPhone.ActiveCfg = Release|Any CPU
		{FD6C6D5D-13DA-4BA7-80FF-2E8790A415A7}.Ad-Hoc|iPhone.Build.0 = Release|Any CPU
		{FD6C6D5D-13DA-4BA7-80FF-2E8790A415A7}.Ad-Hoc|iPhone.Deploy.0 = Release|Any CPU
		{FD6C6D5D-13DA-4BA7-80FF-2E8790A415A7}.Ad-Hoc|iPhoneSimulator.ActiveCfg = Release|Any CPU
		{FD6C6D5D-13DA-4BA7-80FF-2E8790A415A7}.Ad-Hoc|iPhoneSimulator.Build.0 = Release|Any CPU
		{FD6C6D5D-13DA-4BA7-80FF-2E8790A415A7}.Ad-Hoc|iPhoneSimulator.Deploy.0 = Release|Any CPU
		{FD6C6D5D-13DA-4BA7-80FF-2E8790A415A7}.Ad-Hoc|x64.ActiveCfg = Release|Any CPU
		{FD6C6D5D-13DA-4BA7-80FF-2E8790A415A7}.Ad-Hoc|x64.Build.0 = Release|Any CPU
		{FD6C6D5D-13DA-4BA7-80FF-2E8790A415A7}.Ad-Hoc|x64.Deploy.0 = Release|Any CPU
		{FD6C6D5D-13DA-4BA7-80FF-2E8790A415A7}.Ad-Hoc|x86.ActiveCfg = Release|Any CPU
		{FD6C6D5D-13DA-4BA7-80FF-2E8790A415A7}.Ad-Hoc|x86.Build.0 = Release|Any CPU
		{FD6C6D5D-13DA-4BA7-80FF-2E8790A415A7}.Ad-Hoc|x86.Deploy.0 = Release|Any CPU
		{FD6C6D5D-13DA-4BA7-80FF-2E8790A415A7}.AppStore|Any CPU.ActiveCfg = Release|Any CPU
		{FD6C6D5D-13DA-4BA7-80FF-2E8790A415A7}.AppStore|Any CPU.Build.0 = Release|Any CPU
		{FD6C6D5D-13DA-4BA7-80FF-2E8790A415A7}.AppStore|Any CPU.Deploy.0 = Release|Any CPU
		{FD6C6D5D-13DA-4BA7-80FF-2E8790A415A7}.AppStore|ARM.ActiveCfg = Release|Any CPU
		{FD6C6D5D-13DA-4BA7-80FF-2E8790A415A7}.AppStore|ARM.Build.0 = Release|Any CPU
		{FD6C6D5D-13DA-4BA7-80FF-2E8790A415A7}.AppStore|ARM.Deploy.0 = Release|Any CPU
		{FD6C6D5D-13DA-4BA7-80FF-2E8790A415A7}.AppStore|iPhone.ActiveCfg = Release|Any CPU
		{FD6C6D5D-13DA-4BA7-80FF-2E8790A415A7}.AppStore|iPhone.Build.0 = Release|Any CPU
		{FD6C6D5D-13DA-4BA7-80FF-2E8790A415A7}.AppStore|iPhone.Deploy.0 = Release|Any CPU
		{FD6C6D5D-13DA-4BA7-80FF-2E8790A415A7}.AppStore|iPhoneSimulator.ActiveCfg = Release|Any CPU
		{FD6C6D5D-13DA-4BA7-80FF-2E8790A415A7}.AppStore|iPhoneSimulator.Build.0 = Release|Any CPU
		{FD6C6D5D-13DA-4BA7-80FF-2E8790A415A7}.AppStore|iPhoneSimulator.Deploy.0 = Release|Any CPU
		{FD6C6D5D-13DA-4BA7-80FF-2E8790A415A7}.AppStore|x64.ActiveCfg = Release|Any CPU
		{FD6C6D5D-13DA-4BA7-80FF-2E8790A415A7}.AppStore|x64.Build.0 = Release|Any CPU
		{FD6C6D5D-13DA-4BA7-80FF-2E8790A415A7}.AppStore|x64.Deploy.0 = Release|Any CPU
		{FD6C6D5D-13DA-4BA7-80FF-2E8790A415A7}.AppStore|x86.ActiveCfg = Release|Any CPU
		{FD6C6D5D-13DA-4BA7-80FF-2E8790A415A7}.AppStore|x86.Build.0 = Release|Any CPU
		{FD6C6D5D-13DA-4BA7-80FF-2E8790A415A7}.AppStore|x86.Deploy.0 = Release|Any CPU
		{FD6C6D5D-13DA-4BA7-80FF-2E8790A415A7}.Debug|Any CPU.ActiveCfg = Debug|Any CPU
		{FD6C6D5D-13DA-4BA7-80FF-2E8790A415A7}.Debug|Any CPU.Build.0 = Debug|Any CPU
		{FD6C6D5D-13DA-4BA7-80FF-2E8790A415A7}.Debug|Any CPU.Deploy.0 = Debug|Any CPU
		{FD6C6D5D-13DA-4BA7-80FF-2E8790A415A7}.Debug|ARM.ActiveCfg = Debug|Any CPU
		{FD6C6D5D-13DA-4BA7-80FF-2E8790A415A7}.Debug|ARM.Build.0 = Debug|Any CPU
		{FD6C6D5D-13DA-4BA7-80FF-2E8790A415A7}.Debug|ARM.Deploy.0 = Debug|Any CPU
		{FD6C6D5D-13DA-4BA7-80FF-2E8790A415A7}.Debug|iPhone.ActiveCfg = Debug|Any CPU
		{FD6C6D5D-13DA-4BA7-80FF-2E8790A415A7}.Debug|iPhone.Build.0 = Debug|Any CPU
		{FD6C6D5D-13DA-4BA7-80FF-2E8790A415A7}.Debug|iPhone.Deploy.0 = Debug|Any CPU
		{FD6C6D5D-13DA-4BA7-80FF-2E8790A415A7}.Debug|iPhoneSimulator.ActiveCfg = Debug|Any CPU
		{FD6C6D5D-13DA-4BA7-80FF-2E8790A415A7}.Debug|iPhoneSimulator.Build.0 = Debug|Any CPU
		{FD6C6D5D-13DA-4BA7-80FF-2E8790A415A7}.Debug|iPhoneSimulator.Deploy.0 = Debug|Any CPU
		{FD6C6D5D-13DA-4BA7-80FF-2E8790A415A7}.Debug|x64.ActiveCfg = Debug|Any CPU
		{FD6C6D5D-13DA-4BA7-80FF-2E8790A415A7}.Debug|x64.Build.0 = Debug|Any CPU
		{FD6C6D5D-13DA-4BA7-80FF-2E8790A415A7}.Debug|x64.Deploy.0 = Debug|Any CPU
		{FD6C6D5D-13DA-4BA7-80FF-2E8790A415A7}.Debug|x86.ActiveCfg = Debug|Any CPU
		{FD6C6D5D-13DA-4BA7-80FF-2E8790A415A7}.Debug|x86.Build.0 = Debug|Any CPU
		{FD6C6D5D-13DA-4BA7-80FF-2E8790A415A7}.Debug|x86.Deploy.0 = Debug|Any CPU
		{FD6C6D5D-13DA-4BA7-80FF-2E8790A415A7}.Release|Any CPU.ActiveCfg = Release|Any CPU
		{FD6C6D5D-13DA-4BA7-80FF-2E8790A415A7}.Release|Any CPU.Build.0 = Release|Any CPU
		{FD6C6D5D-13DA-4BA7-80FF-2E8790A415A7}.Release|Any CPU.Deploy.0 = Release|Any CPU
		{FD6C6D5D-13DA-4BA7-80FF-2E8790A415A7}.Release|ARM.ActiveCfg = Release|Any CPU
		{FD6C6D5D-13DA-4BA7-80FF-2E8790A415A7}.Release|ARM.Build.0 = Release|Any CPU
		{FD6C6D5D-13DA-4BA7-80FF-2E8790A415A7}.Release|ARM.Deploy.0 = Release|Any CPU
		{FD6C6D5D-13DA-4BA7-80FF-2E8790A415A7}.Release|iPhone.ActiveCfg = Release|Any CPU
		{FD6C6D5D-13DA-4BA7-80FF-2E8790A415A7}.Release|iPhone.Build.0 = Release|Any CPU
		{FD6C6D5D-13DA-4BA7-80FF-2E8790A415A7}.Release|iPhone.Deploy.0 = Release|Any CPU
		{FD6C6D5D-13DA-4BA7-80FF-2E8790A415A7}.Release|iPhoneSimulator.ActiveCfg = Release|Any CPU
		{FD6C6D5D-13DA-4BA7-80FF-2E8790A415A7}.Release|iPhoneSimulator.Build.0 = Release|Any CPU
		{FD6C6D5D-13DA-4BA7-80FF-2E8790A415A7}.Release|iPhoneSimulator.Deploy.0 = Release|Any CPU
		{FD6C6D5D-13DA-4BA7-80FF-2E8790A415A7}.Release|x64.ActiveCfg = Release|Any CPU
		{FD6C6D5D-13DA-4BA7-80FF-2E8790A415A7}.Release|x64.Build.0 = Release|Any CPU
		{FD6C6D5D-13DA-4BA7-80FF-2E8790A415A7}.Release|x64.Deploy.0 = Release|Any CPU
		{FD6C6D5D-13DA-4BA7-80FF-2E8790A415A7}.Release|x86.ActiveCfg = Release|Any CPU
		{FD6C6D5D-13DA-4BA7-80FF-2E8790A415A7}.Release|x86.Build.0 = Release|Any CPU
		{FD6C6D5D-13DA-4BA7-80FF-2E8790A415A7}.Release|x86.Deploy.0 = Release|Any CPU
		{F21E9C63-4E38-4222-AC6B-8452D42C8D6D}.Ad-Hoc|Any CPU.ActiveCfg = Ad-Hoc|iPhone
		{F21E9C63-4E38-4222-AC6B-8452D42C8D6D}.Ad-Hoc|ARM.ActiveCfg = Ad-Hoc|iPhone
		{F21E9C63-4E38-4222-AC6B-8452D42C8D6D}.Ad-Hoc|iPhone.ActiveCfg = Ad-Hoc|iPhone
		{F21E9C63-4E38-4222-AC6B-8452D42C8D6D}.Ad-Hoc|iPhone.Build.0 = Ad-Hoc|iPhone
		{F21E9C63-4E38-4222-AC6B-8452D42C8D6D}.Ad-Hoc|iPhoneSimulator.ActiveCfg = Ad-Hoc|iPhoneSimulator
		{F21E9C63-4E38-4222-AC6B-8452D42C8D6D}.Ad-Hoc|iPhoneSimulator.Build.0 = Ad-Hoc|iPhoneSimulator
		{F21E9C63-4E38-4222-AC6B-8452D42C8D6D}.Ad-Hoc|x64.ActiveCfg = Ad-Hoc|iPhone
		{F21E9C63-4E38-4222-AC6B-8452D42C8D6D}.Ad-Hoc|x86.ActiveCfg = Ad-Hoc|iPhone
		{F21E9C63-4E38-4222-AC6B-8452D42C8D6D}.AppStore|Any CPU.ActiveCfg = AppStore|iPhone
		{F21E9C63-4E38-4222-AC6B-8452D42C8D6D}.AppStore|ARM.ActiveCfg = AppStore|iPhone
		{F21E9C63-4E38-4222-AC6B-8452D42C8D6D}.AppStore|iPhone.ActiveCfg = AppStore|iPhone
		{F21E9C63-4E38-4222-AC6B-8452D42C8D6D}.AppStore|iPhone.Build.0 = AppStore|iPhone
		{F21E9C63-4E38-4222-AC6B-8452D42C8D6D}.AppStore|iPhoneSimulator.ActiveCfg = AppStore|iPhoneSimulator
		{F21E9C63-4E38-4222-AC6B-8452D42C8D6D}.AppStore|iPhoneSimulator.Build.0 = AppStore|iPhoneSimulator
		{F21E9C63-4E38-4222-AC6B-8452D42C8D6D}.AppStore|x64.ActiveCfg = AppStore|iPhone
		{F21E9C63-4E38-4222-AC6B-8452D42C8D6D}.AppStore|x86.ActiveCfg = AppStore|iPhone
		{F21E9C63-4E38-4222-AC6B-8452D42C8D6D}.Debug|Any CPU.ActiveCfg = Debug|iPhone
		{F21E9C63-4E38-4222-AC6B-8452D42C8D6D}.Debug|ARM.ActiveCfg = Debug|iPhone
		{F21E9C63-4E38-4222-AC6B-8452D42C8D6D}.Debug|iPhone.ActiveCfg = Debug|iPhone
		{F21E9C63-4E38-4222-AC6B-8452D42C8D6D}.Debug|iPhone.Build.0 = Debug|iPhone
		{F21E9C63-4E38-4222-AC6B-8452D42C8D6D}.Debug|iPhoneSimulator.ActiveCfg = Debug|iPhoneSimulator
		{F21E9C63-4E38-4222-AC6B-8452D42C8D6D}.Debug|iPhoneSimulator.Build.0 = Debug|iPhoneSimulator
		{F21E9C63-4E38-4222-AC6B-8452D42C8D6D}.Debug|x64.ActiveCfg = Debug|iPhone
		{F21E9C63-4E38-4222-AC6B-8452D42C8D6D}.Debug|x86.ActiveCfg = Debug|iPhone
		{F21E9C63-4E38-4222-AC6B-8452D42C8D6D}.Release|Any CPU.ActiveCfg = Release|iPhone
		{F21E9C63-4E38-4222-AC6B-8452D42C8D6D}.Release|ARM.ActiveCfg = Release|iPhone
		{F21E9C63-4E38-4222-AC6B-8452D42C8D6D}.Release|iPhone.ActiveCfg = Release|iPhone
		{F21E9C63-4E38-4222-AC6B-8452D42C8D6D}.Release|iPhone.Build.0 = Release|iPhone
		{F21E9C63-4E38-4222-AC6B-8452D42C8D6D}.Release|iPhoneSimulator.ActiveCfg = Release|iPhoneSimulator
		{F21E9C63-4E38-4222-AC6B-8452D42C8D6D}.Release|iPhoneSimulator.Build.0 = Release|iPhoneSimulator
		{F21E9C63-4E38-4222-AC6B-8452D42C8D6D}.Release|x64.ActiveCfg = Release|iPhone
		{F21E9C63-4E38-4222-AC6B-8452D42C8D6D}.Release|x86.ActiveCfg = Release|iPhone
		{75E7A952-F4F7-4225-9E8B-C4CB52528D1F}.Ad-Hoc|Any CPU.ActiveCfg = Release|Any CPU
		{75E7A952-F4F7-4225-9E8B-C4CB52528D1F}.Ad-Hoc|Any CPU.Build.0 = Release|Any CPU
		{75E7A952-F4F7-4225-9E8B-C4CB52528D1F}.Ad-Hoc|Any CPU.Deploy.0 = Release|Any CPU
		{75E7A952-F4F7-4225-9E8B-C4CB52528D1F}.Ad-Hoc|ARM.ActiveCfg = Release|ARM
		{75E7A952-F4F7-4225-9E8B-C4CB52528D1F}.Ad-Hoc|ARM.Build.0 = Release|ARM
		{75E7A952-F4F7-4225-9E8B-C4CB52528D1F}.Ad-Hoc|ARM.Deploy.0 = Release|ARM
		{75E7A952-F4F7-4225-9E8B-C4CB52528D1F}.Ad-Hoc|iPhone.ActiveCfg = Release|Any CPU
		{75E7A952-F4F7-4225-9E8B-C4CB52528D1F}.Ad-Hoc|iPhone.Build.0 = Release|Any CPU
		{75E7A952-F4F7-4225-9E8B-C4CB52528D1F}.Ad-Hoc|iPhone.Deploy.0 = Release|Any CPU
		{75E7A952-F4F7-4225-9E8B-C4CB52528D1F}.Ad-Hoc|iPhoneSimulator.ActiveCfg = Release|Any CPU
		{75E7A952-F4F7-4225-9E8B-C4CB52528D1F}.Ad-Hoc|iPhoneSimulator.Build.0 = Release|Any CPU
		{75E7A952-F4F7-4225-9E8B-C4CB52528D1F}.Ad-Hoc|iPhoneSimulator.Deploy.0 = Release|Any CPU
		{75E7A952-F4F7-4225-9E8B-C4CB52528D1F}.Ad-Hoc|x64.ActiveCfg = Release|Any CPU
		{75E7A952-F4F7-4225-9E8B-C4CB52528D1F}.Ad-Hoc|x64.Build.0 = Release|Any CPU
		{75E7A952-F4F7-4225-9E8B-C4CB52528D1F}.Ad-Hoc|x64.Deploy.0 = Release|Any CPU
		{75E7A952-F4F7-4225-9E8B-C4CB52528D1F}.Ad-Hoc|x86.ActiveCfg = Release|x86
		{75E7A952-F4F7-4225-9E8B-C4CB52528D1F}.Ad-Hoc|x86.Build.0 = Release|x86
		{75E7A952-F4F7-4225-9E8B-C4CB52528D1F}.Ad-Hoc|x86.Deploy.0 = Release|x86
		{75E7A952-F4F7-4225-9E8B-C4CB52528D1F}.AppStore|Any CPU.ActiveCfg = Release|Any CPU
		{75E7A952-F4F7-4225-9E8B-C4CB52528D1F}.AppStore|Any CPU.Build.0 = Release|Any CPU
		{75E7A952-F4F7-4225-9E8B-C4CB52528D1F}.AppStore|Any CPU.Deploy.0 = Release|Any CPU
		{75E7A952-F4F7-4225-9E8B-C4CB52528D1F}.AppStore|ARM.ActiveCfg = Release|ARM
		{75E7A952-F4F7-4225-9E8B-C4CB52528D1F}.AppStore|ARM.Build.0 = Release|ARM
		{75E7A952-F4F7-4225-9E8B-C4CB52528D1F}.AppStore|ARM.Deploy.0 = Release|ARM
		{75E7A952-F4F7-4225-9E8B-C4CB52528D1F}.AppStore|iPhone.ActiveCfg = Release|Any CPU
		{75E7A952-F4F7-4225-9E8B-C4CB52528D1F}.AppStore|iPhone.Build.0 = Release|Any CPU
		{75E7A952-F4F7-4225-9E8B-C4CB52528D1F}.AppStore|iPhone.Deploy.0 = Release|Any CPU
		{75E7A952-F4F7-4225-9E8B-C4CB52528D1F}.AppStore|iPhoneSimulator.ActiveCfg = Release|Any CPU
		{75E7A952-F4F7-4225-9E8B-C4CB52528D1F}.AppStore|iPhoneSimulator.Build.0 = Release|Any CPU
		{75E7A952-F4F7-4225-9E8B-C4CB52528D1F}.AppStore|iPhoneSimulator.Deploy.0 = Release|Any CPU
		{75E7A952-F4F7-4225-9E8B-C4CB52528D1F}.AppStore|x64.ActiveCfg = Release|Any CPU
		{75E7A952-F4F7-4225-9E8B-C4CB52528D1F}.AppStore|x64.Build.0 = Release|Any CPU
		{75E7A952-F4F7-4225-9E8B-C4CB52528D1F}.AppStore|x64.Deploy.0 = Release|Any CPU
		{75E7A952-F4F7-4225-9E8B-C4CB52528D1F}.AppStore|x86.ActiveCfg = Release|x86
		{75E7A952-F4F7-4225-9E8B-C4CB52528D1F}.AppStore|x86.Build.0 = Release|x86
		{75E7A952-F4F7-4225-9E8B-C4CB52528D1F}.AppStore|x86.Deploy.0 = Release|x86
		{75E7A952-F4F7-4225-9E8B-C4CB52528D1F}.Debug|Any CPU.ActiveCfg = Debug|Any CPU
		{75E7A952-F4F7-4225-9E8B-C4CB52528D1F}.Debug|Any CPU.Build.0 = Debug|Any CPU
		{75E7A952-F4F7-4225-9E8B-C4CB52528D1F}.Debug|Any CPU.Deploy.0 = Debug|Any CPU
		{75E7A952-F4F7-4225-9E8B-C4CB52528D1F}.Debug|ARM.ActiveCfg = Debug|ARM
		{75E7A952-F4F7-4225-9E8B-C4CB52528D1F}.Debug|ARM.Build.0 = Debug|ARM
		{75E7A952-F4F7-4225-9E8B-C4CB52528D1F}.Debug|ARM.Deploy.0 = Debug|ARM
		{75E7A952-F4F7-4225-9E8B-C4CB52528D1F}.Debug|iPhone.ActiveCfg = Debug|Any CPU
		{75E7A952-F4F7-4225-9E8B-C4CB52528D1F}.Debug|iPhone.Build.0 = Debug|Any CPU
		{75E7A952-F4F7-4225-9E8B-C4CB52528D1F}.Debug|iPhone.Deploy.0 = Debug|Any CPU
		{75E7A952-F4F7-4225-9E8B-C4CB52528D1F}.Debug|iPhoneSimulator.ActiveCfg = Debug|Any CPU
		{75E7A952-F4F7-4225-9E8B-C4CB52528D1F}.Debug|iPhoneSimulator.Build.0 = Debug|Any CPU
		{75E7A952-F4F7-4225-9E8B-C4CB52528D1F}.Debug|iPhoneSimulator.Deploy.0 = Debug|Any CPU
		{75E7A952-F4F7-4225-9E8B-C4CB52528D1F}.Debug|x64.ActiveCfg = Debug|Any CPU
		{75E7A952-F4F7-4225-9E8B-C4CB52528D1F}.Debug|x64.Build.0 = Debug|Any CPU
		{75E7A952-F4F7-4225-9E8B-C4CB52528D1F}.Debug|x64.Deploy.0 = Debug|Any CPU
		{75E7A952-F4F7-4225-9E8B-C4CB52528D1F}.Debug|x86.ActiveCfg = Debug|x86
		{75E7A952-F4F7-4225-9E8B-C4CB52528D1F}.Debug|x86.Build.0 = Debug|x86
		{75E7A952-F4F7-4225-9E8B-C4CB52528D1F}.Debug|x86.Deploy.0 = Debug|x86
		{75E7A952-F4F7-4225-9E8B-C4CB52528D1F}.Release|Any CPU.ActiveCfg = Release|Any CPU
		{75E7A952-F4F7-4225-9E8B-C4CB52528D1F}.Release|Any CPU.Build.0 = Release|Any CPU
		{75E7A952-F4F7-4225-9E8B-C4CB52528D1F}.Release|Any CPU.Deploy.0 = Release|Any CPU
		{75E7A952-F4F7-4225-9E8B-C4CB52528D1F}.Release|ARM.ActiveCfg = Release|ARM
		{75E7A952-F4F7-4225-9E8B-C4CB52528D1F}.Release|ARM.Build.0 = Release|ARM
		{75E7A952-F4F7-4225-9E8B-C4CB52528D1F}.Release|ARM.Deploy.0 = Release|ARM
		{75E7A952-F4F7-4225-9E8B-C4CB52528D1F}.Release|iPhone.ActiveCfg = Release|Any CPU
		{75E7A952-F4F7-4225-9E8B-C4CB52528D1F}.Release|iPhone.Build.0 = Release|Any CPU
		{75E7A952-F4F7-4225-9E8B-C4CB52528D1F}.Release|iPhone.Deploy.0 = Release|Any CPU
		{75E7A952-F4F7-4225-9E8B-C4CB52528D1F}.Release|iPhoneSimulator.ActiveCfg = Release|Any CPU
		{75E7A952-F4F7-4225-9E8B-C4CB52528D1F}.Release|iPhoneSimulator.Build.0 = Release|Any CPU
		{75E7A952-F4F7-4225-9E8B-C4CB52528D1F}.Release|iPhoneSimulator.Deploy.0 = Release|Any CPU
		{75E7A952-F4F7-4225-9E8B-C4CB52528D1F}.Release|x64.ActiveCfg = Release|Any CPU
		{75E7A952-F4F7-4225-9E8B-C4CB52528D1F}.Release|x64.Build.0 = Release|Any CPU
		{75E7A952-F4F7-4225-9E8B-C4CB52528D1F}.Release|x64.Deploy.0 = Release|Any CPU
		{75E7A952-F4F7-4225-9E8B-C4CB52528D1F}.Release|x86.ActiveCfg = Release|x86
		{75E7A952-F4F7-4225-9E8B-C4CB52528D1F}.Release|x86.Build.0 = Release|x86
		{75E7A952-F4F7-4225-9E8B-C4CB52528D1F}.Release|x86.Deploy.0 = Release|x86
		{C3912C42-80FE-4793-AC73-6A0C44B60C4F}.Ad-Hoc|Any CPU.ActiveCfg = Release|x86
		{C3912C42-80FE-4793-AC73-6A0C44B60C4F}.Ad-Hoc|Any CPU.Build.0 = Release|x86
		{C3912C42-80FE-4793-AC73-6A0C44B60C4F}.Ad-Hoc|Any CPU.Deploy.0 = Release|x86
		{C3912C42-80FE-4793-AC73-6A0C44B60C4F}.Ad-Hoc|ARM.ActiveCfg = Release|ARM
		{C3912C42-80FE-4793-AC73-6A0C44B60C4F}.Ad-Hoc|ARM.Build.0 = Release|ARM
		{C3912C42-80FE-4793-AC73-6A0C44B60C4F}.Ad-Hoc|ARM.Deploy.0 = Release|ARM
		{C3912C42-80FE-4793-AC73-6A0C44B60C4F}.Ad-Hoc|iPhone.ActiveCfg = Release|x86
		{C3912C42-80FE-4793-AC73-6A0C44B60C4F}.Ad-Hoc|iPhone.Build.0 = Release|x86
		{C3912C42-80FE-4793-AC73-6A0C44B60C4F}.Ad-Hoc|iPhone.Deploy.0 = Release|x86
		{C3912C42-80FE-4793-AC73-6A0C44B60C4F}.Ad-Hoc|iPhoneSimulator.ActiveCfg = Release|x86
		{C3912C42-80FE-4793-AC73-6A0C44B60C4F}.Ad-Hoc|iPhoneSimulator.Build.0 = Release|x86
		{C3912C42-80FE-4793-AC73-6A0C44B60C4F}.Ad-Hoc|iPhoneSimulator.Deploy.0 = Release|x86
		{C3912C42-80FE-4793-AC73-6A0C44B60C4F}.Ad-Hoc|x64.ActiveCfg = Release|x64
		{C3912C42-80FE-4793-AC73-6A0C44B60C4F}.Ad-Hoc|x64.Build.0 = Release|x64
		{C3912C42-80FE-4793-AC73-6A0C44B60C4F}.Ad-Hoc|x64.Deploy.0 = Release|x64
		{C3912C42-80FE-4793-AC73-6A0C44B60C4F}.Ad-Hoc|x86.ActiveCfg = Release|x86
		{C3912C42-80FE-4793-AC73-6A0C44B60C4F}.Ad-Hoc|x86.Build.0 = Release|x86
		{C3912C42-80FE-4793-AC73-6A0C44B60C4F}.Ad-Hoc|x86.Deploy.0 = Release|x86
		{C3912C42-80FE-4793-AC73-6A0C44B60C4F}.AppStore|Any CPU.ActiveCfg = Release|x86
		{C3912C42-80FE-4793-AC73-6A0C44B60C4F}.AppStore|Any CPU.Build.0 = Release|x86
		{C3912C42-80FE-4793-AC73-6A0C44B60C4F}.AppStore|Any CPU.Deploy.0 = Release|x86
		{C3912C42-80FE-4793-AC73-6A0C44B60C4F}.AppStore|ARM.ActiveCfg = Release|ARM
		{C3912C42-80FE-4793-AC73-6A0C44B60C4F}.AppStore|ARM.Build.0 = Release|ARM
		{C3912C42-80FE-4793-AC73-6A0C44B60C4F}.AppStore|ARM.Deploy.0 = Release|ARM
		{C3912C42-80FE-4793-AC73-6A0C44B60C4F}.AppStore|iPhone.ActiveCfg = Release|x86
		{C3912C42-80FE-4793-AC73-6A0C44B60C4F}.AppStore|iPhone.Build.0 = Release|x86
		{C3912C42-80FE-4793-AC73-6A0C44B60C4F}.AppStore|iPhone.Deploy.0 = Release|x86
		{C3912C42-80FE-4793-AC73-6A0C44B60C4F}.AppStore|iPhoneSimulator.ActiveCfg = Release|x86
		{C3912C42-80FE-4793-AC73-6A0C44B60C4F}.AppStore|iPhoneSimulator.Build.0 = Release|x86
		{C3912C42-80FE-4793-AC73-6A0C44B60C4F}.AppStore|iPhoneSimulator.Deploy.0 = Release|x86
		{C3912C42-80FE-4793-AC73-6A0C44B60C4F}.AppStore|x64.ActiveCfg = Release|x64
		{C3912C42-80FE-4793-AC73-6A0C44B60C4F}.AppStore|x64.Build.0 = Release|x64
		{C3912C42-80FE-4793-AC73-6A0C44B60C4F}.AppStore|x64.Deploy.0 = Release|x64
		{C3912C42-80FE-4793-AC73-6A0C44B60C4F}.AppStore|x86.ActiveCfg = Release|x86
		{C3912C42-80FE-4793-AC73-6A0C44B60C4F}.AppStore|x86.Build.0 = Release|x86
		{C3912C42-80FE-4793-AC73-6A0C44B60C4F}.AppStore|x86.Deploy.0 = Release|x86
		{C3912C42-80FE-4793-AC73-6A0C44B60C4F}.Debug|Any CPU.ActiveCfg = Debug|x86
		{C3912C42-80FE-4793-AC73-6A0C44B60C4F}.Debug|ARM.ActiveCfg = Debug|ARM
		{C3912C42-80FE-4793-AC73-6A0C44B60C4F}.Debug|ARM.Build.0 = Debug|ARM
		{C3912C42-80FE-4793-AC73-6A0C44B60C4F}.Debug|ARM.Deploy.0 = Debug|ARM
		{C3912C42-80FE-4793-AC73-6A0C44B60C4F}.Debug|iPhone.ActiveCfg = Debug|x86
		{C3912C42-80FE-4793-AC73-6A0C44B60C4F}.Debug|iPhoneSimulator.ActiveCfg = Debug|x86
		{C3912C42-80FE-4793-AC73-6A0C44B60C4F}.Debug|x64.ActiveCfg = Debug|x64
		{C3912C42-80FE-4793-AC73-6A0C44B60C4F}.Debug|x64.Build.0 = Debug|x64
		{C3912C42-80FE-4793-AC73-6A0C44B60C4F}.Debug|x64.Deploy.0 = Debug|x64
		{C3912C42-80FE-4793-AC73-6A0C44B60C4F}.Debug|x86.ActiveCfg = Debug|x86
		{C3912C42-80FE-4793-AC73-6A0C44B60C4F}.Debug|x86.Build.0 = Debug|x86
		{C3912C42-80FE-4793-AC73-6A0C44B60C4F}.Debug|x86.Deploy.0 = Debug|x86
		{C3912C42-80FE-4793-AC73-6A0C44B60C4F}.Release|Any CPU.ActiveCfg = Release|x86
		{C3912C42-80FE-4793-AC73-6A0C44B60C4F}.Release|ARM.ActiveCfg = Release|ARM
		{C3912C42-80FE-4793-AC73-6A0C44B60C4F}.Release|ARM.Build.0 = Release|ARM
		{C3912C42-80FE-4793-AC73-6A0C44B60C4F}.Release|ARM.Deploy.0 = Release|ARM
		{C3912C42-80FE-4793-AC73-6A0C44B60C4F}.Release|iPhone.ActiveCfg = Release|x86
		{C3912C42-80FE-4793-AC73-6A0C44B60C4F}.Release|iPhoneSimulator.ActiveCfg = Release|x86
		{C3912C42-80FE-4793-AC73-6A0C44B60C4F}.Release|x64.ActiveCfg = Release|x64
		{C3912C42-80FE-4793-AC73-6A0C44B60C4F}.Release|x64.Build.0 = Release|x64
		{C3912C42-80FE-4793-AC73-6A0C44B60C4F}.Release|x64.Deploy.0 = Release|x64
		{C3912C42-80FE-4793-AC73-6A0C44B60C4F}.Release|x86.ActiveCfg = Release|x86
		{C3912C42-80FE-4793-AC73-6A0C44B60C4F}.Release|x86.Build.0 = Release|x86
		{C3912C42-80FE-4793-AC73-6A0C44B60C4F}.Release|x86.Deploy.0 = Release|x86
		{CFA3D366-AB95-4B2A-9BE8-55E60E6B8451}.Ad-Hoc|Any CPU.ActiveCfg = Release|Any CPU
		{CFA3D366-AB95-4B2A-9BE8-55E60E6B8451}.Ad-Hoc|Any CPU.Build.0 = Release|Any CPU
		{CFA3D366-AB95-4B2A-9BE8-55E60E6B8451}.Ad-Hoc|Any CPU.Deploy.0 = Release|Any CPU
		{CFA3D366-AB95-4B2A-9BE8-55E60E6B8451}.Ad-Hoc|ARM.ActiveCfg = Release|ARM
		{CFA3D366-AB95-4B2A-9BE8-55E60E6B8451}.Ad-Hoc|ARM.Build.0 = Release|ARM
		{CFA3D366-AB95-4B2A-9BE8-55E60E6B8451}.Ad-Hoc|ARM.Deploy.0 = Release|ARM
		{CFA3D366-AB95-4B2A-9BE8-55E60E6B8451}.Ad-Hoc|iPhone.ActiveCfg = Release|Any CPU
		{CFA3D366-AB95-4B2A-9BE8-55E60E6B8451}.Ad-Hoc|iPhone.Build.0 = Release|Any CPU
		{CFA3D366-AB95-4B2A-9BE8-55E60E6B8451}.Ad-Hoc|iPhone.Deploy.0 = Release|Any CPU
		{CFA3D366-AB95-4B2A-9BE8-55E60E6B8451}.Ad-Hoc|iPhoneSimulator.ActiveCfg = Release|Any CPU
		{CFA3D366-AB95-4B2A-9BE8-55E60E6B8451}.Ad-Hoc|iPhoneSimulator.Build.0 = Release|Any CPU
		{CFA3D366-AB95-4B2A-9BE8-55E60E6B8451}.Ad-Hoc|iPhoneSimulator.Deploy.0 = Release|Any CPU
		{CFA3D366-AB95-4B2A-9BE8-55E60E6B8451}.Ad-Hoc|x64.ActiveCfg = Release|x64
		{CFA3D366-AB95-4B2A-9BE8-55E60E6B8451}.Ad-Hoc|x64.Build.0 = Release|x64
		{CFA3D366-AB95-4B2A-9BE8-55E60E6B8451}.Ad-Hoc|x64.Deploy.0 = Release|x64
		{CFA3D366-AB95-4B2A-9BE8-55E60E6B8451}.Ad-Hoc|x86.ActiveCfg = Release|x86
		{CFA3D366-AB95-4B2A-9BE8-55E60E6B8451}.Ad-Hoc|x86.Build.0 = Release|x86
		{CFA3D366-AB95-4B2A-9BE8-55E60E6B8451}.Ad-Hoc|x86.Deploy.0 = Release|x86
		{CFA3D366-AB95-4B2A-9BE8-55E60E6B8451}.AppStore|Any CPU.ActiveCfg = Release|Any CPU
		{CFA3D366-AB95-4B2A-9BE8-55E60E6B8451}.AppStore|Any CPU.Build.0 = Release|Any CPU
		{CFA3D366-AB95-4B2A-9BE8-55E60E6B8451}.AppStore|Any CPU.Deploy.0 = Release|Any CPU
		{CFA3D366-AB95-4B2A-9BE8-55E60E6B8451}.AppStore|ARM.ActiveCfg = Release|ARM
		{CFA3D366-AB95-4B2A-9BE8-55E60E6B8451}.AppStore|ARM.Build.0 = Release|ARM
		{CFA3D366-AB95-4B2A-9BE8-55E60E6B8451}.AppStore|ARM.Deploy.0 = Release|ARM
		{CFA3D366-AB95-4B2A-9BE8-55E60E6B8451}.AppStore|iPhone.ActiveCfg = Release|Any CPU
		{CFA3D366-AB95-4B2A-9BE8-55E60E6B8451}.AppStore|iPhone.Build.0 = Release|Any CPU
		{CFA3D366-AB95-4B2A-9BE8-55E60E6B8451}.AppStore|iPhone.Deploy.0 = Release|Any CPU
		{CFA3D366-AB95-4B2A-9BE8-55E60E6B8451}.AppStore|iPhoneSimulator.ActiveCfg = Release|Any CPU
		{CFA3D366-AB95-4B2A-9BE8-55E60E6B8451}.AppStore|iPhoneSimulator.Build.0 = Release|Any CPU
		{CFA3D366-AB95-4B2A-9BE8-55E60E6B8451}.AppStore|iPhoneSimulator.Deploy.0 = Release|Any CPU
		{CFA3D366-AB95-4B2A-9BE8-55E60E6B8451}.AppStore|x64.ActiveCfg = Release|x64
		{CFA3D366-AB95-4B2A-9BE8-55E60E6B8451}.AppStore|x64.Build.0 = Release|x64
		{CFA3D366-AB95-4B2A-9BE8-55E60E6B8451}.AppStore|x64.Deploy.0 = Release|x64
		{CFA3D366-AB95-4B2A-9BE8-55E60E6B8451}.AppStore|x86.ActiveCfg = Release|x86
		{CFA3D366-AB95-4B2A-9BE8-55E60E6B8451}.AppStore|x86.Build.0 = Release|x86
		{CFA3D366-AB95-4B2A-9BE8-55E60E6B8451}.AppStore|x86.Deploy.0 = Release|x86
		{CFA3D366-AB95-4B2A-9BE8-55E60E6B8451}.Debug|Any CPU.ActiveCfg = Debug|Any CPU
		{CFA3D366-AB95-4B2A-9BE8-55E60E6B8451}.Debug|Any CPU.Build.0 = Debug|Any CPU
		{CFA3D366-AB95-4B2A-9BE8-55E60E6B8451}.Debug|Any CPU.Deploy.0 = Debug|Any CPU
		{CFA3D366-AB95-4B2A-9BE8-55E60E6B8451}.Debug|ARM.ActiveCfg = Debug|ARM
		{CFA3D366-AB95-4B2A-9BE8-55E60E6B8451}.Debug|ARM.Build.0 = Debug|ARM
		{CFA3D366-AB95-4B2A-9BE8-55E60E6B8451}.Debug|ARM.Deploy.0 = Debug|ARM
		{CFA3D366-AB95-4B2A-9BE8-55E60E6B8451}.Debug|iPhone.ActiveCfg = Debug|Any CPU
		{CFA3D366-AB95-4B2A-9BE8-55E60E6B8451}.Debug|iPhone.Build.0 = Debug|Any CPU
		{CFA3D366-AB95-4B2A-9BE8-55E60E6B8451}.Debug|iPhone.Deploy.0 = Debug|Any CPU
		{CFA3D366-AB95-4B2A-9BE8-55E60E6B8451}.Debug|iPhoneSimulator.ActiveCfg = Debug|Any CPU
		{CFA3D366-AB95-4B2A-9BE8-55E60E6B8451}.Debug|iPhoneSimulator.Build.0 = Debug|Any CPU
		{CFA3D366-AB95-4B2A-9BE8-55E60E6B8451}.Debug|iPhoneSimulator.Deploy.0 = Debug|Any CPU
		{CFA3D366-AB95-4B2A-9BE8-55E60E6B8451}.Debug|x64.ActiveCfg = Debug|x64
		{CFA3D366-AB95-4B2A-9BE8-55E60E6B8451}.Debug|x64.Build.0 = Debug|x64
		{CFA3D366-AB95-4B2A-9BE8-55E60E6B8451}.Debug|x64.Deploy.0 = Debug|x64
		{CFA3D366-AB95-4B2A-9BE8-55E60E6B8451}.Debug|x86.ActiveCfg = Debug|x86
		{CFA3D366-AB95-4B2A-9BE8-55E60E6B8451}.Debug|x86.Build.0 = Debug|x86
		{CFA3D366-AB95-4B2A-9BE8-55E60E6B8451}.Debug|x86.Deploy.0 = Debug|x86
		{CFA3D366-AB95-4B2A-9BE8-55E60E6B8451}.Release|Any CPU.ActiveCfg = Release|Any CPU
		{CFA3D366-AB95-4B2A-9BE8-55E60E6B8451}.Release|Any CPU.Build.0 = Release|Any CPU
		{CFA3D366-AB95-4B2A-9BE8-55E60E6B8451}.Release|Any CPU.Deploy.0 = Release|Any CPU
		{CFA3D366-AB95-4B2A-9BE8-55E60E6B8451}.Release|ARM.ActiveCfg = Release|ARM
		{CFA3D366-AB95-4B2A-9BE8-55E60E6B8451}.Release|ARM.Build.0 = Release|ARM
		{CFA3D366-AB95-4B2A-9BE8-55E60E6B8451}.Release|ARM.Deploy.0 = Release|ARM
		{CFA3D366-AB95-4B2A-9BE8-55E60E6B8451}.Release|iPhone.ActiveCfg = Release|Any CPU
		{CFA3D366-AB95-4B2A-9BE8-55E60E6B8451}.Release|iPhone.Build.0 = Release|Any CPU
		{CFA3D366-AB95-4B2A-9BE8-55E60E6B8451}.Release|iPhone.Deploy.0 = Release|Any CPU
		{CFA3D366-AB95-4B2A-9BE8-55E60E6B8451}.Release|iPhoneSimulator.ActiveCfg = Release|Any CPU
		{CFA3D366-AB95-4B2A-9BE8-55E60E6B8451}.Release|iPhoneSimulator.Build.0 = Release|Any CPU
		{CFA3D366-AB95-4B2A-9BE8-55E60E6B8451}.Release|iPhoneSimulator.Deploy.0 = Release|Any CPU
		{CFA3D366-AB95-4B2A-9BE8-55E60E6B8451}.Release|x64.ActiveCfg = Release|x64
		{CFA3D366-AB95-4B2A-9BE8-55E60E6B8451}.Release|x64.Build.0 = Release|x64
		{CFA3D366-AB95-4B2A-9BE8-55E60E6B8451}.Release|x64.Deploy.0 = Release|x64
		{CFA3D366-AB95-4B2A-9BE8-55E60E6B8451}.Release|x86.ActiveCfg = Release|x86
		{CFA3D366-AB95-4B2A-9BE8-55E60E6B8451}.Release|x86.Build.0 = Release|x86
		{CFA3D366-AB95-4B2A-9BE8-55E60E6B8451}.Release|x86.Deploy.0 = Release|x86
	EndGlobalSection
	GlobalSection(SolutionProperties) = preSolution
		HideSolutionNode = FALSE
	EndGlobalSection
EndGlobal
